
Microsoft Visual Studio Solution File, Format Version 12.00
# Visual Studio 15
VisualStudioVersion = 15.0.27130.2036
MinimumVisualStudioVersion = 10.0.40219.1
Project("{FAE04EC0-301F-11D3-BF4B-00C04F79EFBC}") = "u1_PowerCubeNolan", "u1_PowerCubeNolan\u1_PowerCubeNolan.csproj", "{7DEDD239-F481-4BFC-9E9C-14518807B641}"
EndProject
Global
	GlobalSection(SolutionConfigurationPlatforms) = preSolution
		Debug|Any CPU = Debug|Any CPU
		Release|Any CPU = Release|Any CPU
	EndGlobalSection
	GlobalSection(ProjectConfigurationPlatforms) = postSolution
		{7DEDD239-F481-4BFC-9E9C-14518807B641}.Debug|Any CPU.ActiveCfg = Debug|Any CPU
		{7DEDD239-F481-4BFC-9E9C-14518807B641}.Debug|Any CPU.Build.0 = Debug|Any CPU
		{7DEDD239-F481-4BFC-9E9C-14518807B641}.Release|Any CPU.ActiveCfg = Release|Any CPU
		{7DEDD239-F481-4BFC-9E9C-14518807B641}.Release|Any CPU.Build.0 = Release|Any CPU
	EndGlobalSection
	GlobalSection(SolutionProperties) = preSolution
		HideSolutionNode = FALSE
	EndGlobalSection
	GlobalSection(ExtensibilityGlobals) = postSolution
		SolutionGuid = {2325023A-696A-4D64-89BA-D7F8A8CBAF7B}
	EndGlobalSection
EndGlobal
